
Microsoft Visual Studio Solution File, Format Version 12.00
# Visual Studio 15
Project("{FAE04EC0-301F-11D3-BF4B-00C04F79EFBC}") = "UnityEngine.TestRunner", "UnityEngine.TestRunner.csproj", "{767B36E4-7665-AA3D-0DD8-C3E1EB064B1F}"
EndProject
Project("{FAE04EC0-301F-11D3-BF4B-00C04F79EFBC}") = "Unity.TextMeshPro", "Unity.TextMeshPro.csproj", "{C6484B5F-332A-246F-C9B3-6EF0C0C1721D}"
EndProject
Project("{FAE04EC0-301F-11D3-BF4B-00C04F79EFBC}") = "Unity.Timeline", "Unity.Timeline.csproj", "{8D1D755D-3D5B-DED4-1347-DFFAA5B8E680}"
EndProject
Project("{FAE04EC0-301F-11D3-BF4B-00C04F79EFBC}") = "Assembly-CSharp", "Assembly-CSharp.csproj", "{3D3477DE-C485-F557-04EA-7B576C032EFC}"
EndProject
Project("{FAE04EC0-301F-11D3-BF4B-00C04F79EFBC}") = "Unity.TextMeshPro.Editor", "Unity.TextMeshPro.Editor.csproj", "{CD367EF7-E2B0-76C4-E625-11C3B624AF14}"
EndProject
Project("{FAE04EC0-301F-11D3-BF4B-00C04F79EFBC}") = "Unity.Timeline.Editor", "Unity.Timeline.Editor.csproj", "{CF4330C1-23CB-1416-270F-6E6F4119DC55}"
EndProject
Project("{FAE04EC0-301F-11D3-BF4B-00C04F79EFBC}") = "UnityEditor.TestRunner", "UnityEditor.TestRunner.csproj", "{A39F9D21-6DA9-3D87-0B67-C57D9FB0F02A}"
EndProject
Project("{FAE04EC0-301F-11D3-BF4B-00C04F79EFBC}") = "Unity.Rider.Editor", "Unity.Rider.Editor.csproj", "{E751BBDA-95D6-63D5-8E31-804A5A78FEF4}"
EndProject
Project("{FAE04EC0-301F-11D3-BF4B-00C04F79EFBC}") = "Unity.CollabProxy.Editor", "Unity.CollabProxy.Editor.csproj", "{F9DD18B9-34A4-3F78-D786-0CEEE1775C20}"
EndProject
Project("{FAE04EC0-301F-11D3-BF4B-00C04F79EFBC}") = "Unity.VSCode.Editor", "Unity.VSCode.Editor.csproj", "{0E171A8A-A1A5-0F1D-C4E4-430E6DD62815}"
EndProject
Global
	GlobalSection(SolutionConfigurationPlatforms) = preSolution
		Debug|Any CPU = Debug|Any CPU
		Release|Any CPU = Release|Any CPU
	EndGlobalSection
	GlobalSection(ProjectConfigurationPlatforms) = postSolution
		{767B36E4-7665-AA3D-0DD8-C3E1EB064B1F}.Debug|Any CPU.ActiveCfg = Debug|Any CPU
		{767B36E4-7665-AA3D-0DD8-C3E1EB064B1F}.Debug|Any CPU.Build.0 = Debug|Any CPU
		{767B36E4-7665-AA3D-0DD8-C3E1EB064B1F}.Release|Any CPU.ActiveCfg = Release|Any CPU
		{767B36E4-7665-AA3D-0DD8-C3E1EB064B1F}.Release|Any CPU.Build.0 = Release|Any CPU
		{C6484B5F-332A-246F-C9B3-6EF0C0C1721D}.Debug|Any CPU.ActiveCfg = Debug|Any CPU
		{C6484B5F-332A-246F-C9B3-6EF0C0C1721D}.Debug|Any CPU.Build.0 = Debug|Any CPU
		{C6484B5F-332A-246F-C9B3-6EF0C0C1721D}.Release|Any CPU.ActiveCfg = Release|Any CPU
		{C6484B5F-332A-246F-C9B3-6EF0C0C1721D}.Release|Any CPU.Build.0 = Release|Any CPU
		{8D1D755D-3D5B-DED4-1347-DFFAA5B8E680}.Debug|Any CPU.ActiveCfg = Debug|Any CPU
		{8D1D755D-3D5B-DED4-1347-DFFAA5B8E680}.Debug|Any CPU.Build.0 = Debug|Any CPU
		{8D1D755D-3D5B-DED4-1347-DFFAA5B8E680}.Release|Any CPU.ActiveCfg = Release|Any CPU
		{8D1D755D-3D5B-DED4-1347-DFFAA5B8E680}.Release|Any CPU.Build.0 = Release|Any CPU
		{3D3477DE-C485-F557-04EA-7B576C032EFC}.Debug|Any CPU.ActiveCfg = Debug|Any CPU
		{3D3477DE-C485-F557-04EA-7B576C032EFC}.Debug|Any CPU.Build.0 = Debug|Any CPU
		{3D3477DE-C485-F557-04EA-7B576C032EFC}.Release|Any CPU.ActiveCfg = Release|Any CPU
		{3D3477DE-C485-F557-04EA-7B576C032EFC}.Release|Any CPU.Build.0 = Release|Any CPU
		{CD367EF7-E2B0-76C4-E625-11C3B624AF14}.Debug|Any CPU.ActiveCfg = Debug|Any CPU
		{CD367EF7-E2B0-76C4-E625-11C3B624AF14}.Debug|Any CPU.Build.0 = Debug|Any CPU
		{CD367EF7-E2B0-76C4-E625-11C3B624AF14}.Release|Any CPU.ActiveCfg = Release|Any CPU
		{CD367EF7-E2B0-76C4-E625-11C3B624AF14}.Release|Any CPU.Build.0 = Release|Any CPU
		{CF4330C1-23CB-1416-270F-6E6F4119DC55}.Debug|Any CPU.ActiveCfg = Debug|Any CPU
		{CF4330C1-23CB-1416-270F-6E6F4119DC55}.Debug|Any CPU.Build.0 = Debug|Any CPU
		{CF4330C1-23CB-1416-270F-6E6F4119DC55}.Release|Any CPU.ActiveCfg = Release|Any CPU
		{CF4330C1-23CB-1416-270F-6E6F4119DC55}.Release|Any CPU.Build.0 = Release|Any CPU
		{A39F9D21-6DA9-3D87-0B67-C57D9FB0F02A}.Debug|Any CPU.ActiveCfg = Debug|Any CPU
		{A39F9D21-6DA9-3D87-0B67-C57D9FB0F02A}.Debug|Any CPU.Build.0 = Debug|Any CPU
		{A39F9D21-6DA9-3D87-0B67-C57D9FB0F02A}.Release|Any CPU.ActiveCfg = Release|Any CPU
		{A39F9D21-6DA9-3D87-0B67-C57D9FB0F02A}.Release|Any CPU.Build.0 = Release|Any CPU
		{E751BBDA-95D6-63D5-8E31-804A5A78FEF4}.Debug|Any CPU.ActiveCfg = Debug|Any CPU
		{E751BBDA-95D6-63D5-8E31-804A5A78FEF4}.Debug|Any CPU.Build.0 = Debug|Any CPU
		{E751BBDA-95D6-63D5-8E31-804A5A78FEF4}.Release|Any CPU.ActiveCfg = Release|Any CPU
		{E751BBDA-95D6-63D5-8E31-804A5A78FEF4}.Release|Any CPU.Build.0 = Release|Any CPU
		{F9DD18B9-34A4-3F78-D786-0CEEE1775C20}.Debug|Any CPU.ActiveCfg = Debug|Any CPU
		{F9DD18B9-34A4-3F78-D786-0CEEE1775C20}.Debug|Any CPU.Build.0 = Debug|Any CPU
		{F9DD18B9-34A4-3F78-D786-0CEEE1775C20}.Release|Any CPU.ActiveCfg = Release|Any CPU
		{F9DD18B9-34A4-3F78-D786-0CEEE1775C20}.Release|Any CPU.Build.0 = Release|Any CPU
		{0E171A8A-A1A5-0F1D-C4E4-430E6DD62815}.Debug|Any CPU.ActiveCfg = Debug|Any CPU
		{0E171A8A-A1A5-0F1D-C4E4-430E6DD62815}.Debug|Any CPU.Build.0 = Debug|Any CPU
		{0E171A8A-A1A5-0F1D-C4E4-430E6DD62815}.Release|Any CPU.ActiveCfg = Release|Any CPU
		{0E171A8A-A1A5-0F1D-C4E4-430E6DD62815}.Release|Any CPU.Build.0 = Release|Any CPU
	EndGlobalSection
	GlobalSection(SolutionProperties) = preSolution
		HideSolutionNode = FALSE
	EndGlobalSection
EndGlobal
